
Microsoft Visual Studio Solution File, Format Version 12.00
# Visual Studio Version 17
VisualStudioVersion = 17.1.32328.378
MinimumVisualStudioVersion = 10.0.40219.1
Project("{FAE04EC0-301F-11D3-BF4B-00C04F79EFBC}") = "ConsoleRaftaar", "ConsoleRaftaar\ConsoleRaftaar.csproj", "{528121E2-0DE7-4E25-9BC3-DEF3AD3E018F}"
EndProject
Project("{FAE04EC0-301F-11D3-BF4B-00C04F79EFBC}") = "Raftaar.DataLayer", "Raftaar.DataLayer\Raftaar.DataLayer.csproj", "{3DAECD26-20A3-4BB2-8109-0C08D118E9DD}"
EndProject
Global
	GlobalSection(SolutionConfigurationPlatforms) = preSolution
		Debug|Any CPU = Debug|Any CPU
		Release|Any CPU = Release|Any CPU
	EndGlobalSection
	GlobalSection(ProjectConfigurationPlatforms) = postSolution
		{528121E2-0DE7-4E25-9BC3-DEF3AD3E018F}.Debug|Any CPU.ActiveCfg = Debug|Any CPU
		{528121E2-0DE7-4E25-9BC3-DEF3AD3E018F}.Debug|Any CPU.Build.0 = Debug|Any CPU
		{528121E2-0DE7-4E25-9BC3-DEF3AD3E018F}.Release|Any CPU.ActiveCfg = Release|Any CPU
		{528121E2-0DE7-4E25-9BC3-DEF3AD3E018F}.Release|Any CPU.Build.0 = Release|Any CPU
		{3DAECD26-20A3-4BB2-8109-0C08D118E9DD}.Debug|Any CPU.ActiveCfg = Debug|Any CPU
		{3DAECD26-20A3-4BB2-8109-0C08D118E9DD}.Debug|Any CPU.Build.0 = Debug|Any CPU
		{3DAECD26-20A3-4BB2-8109-0C08D118E9DD}.Release|Any CPU.ActiveCfg = Release|Any CPU
		{3DAECD26-20A3-4BB2-8109-0C08D118E9DD}.Release|Any CPU.Build.0 = Release|Any CPU
	EndGlobalSection
	GlobalSection(SolutionProperties) = preSolution
		HideSolutionNode = FALSE
	EndGlobalSection
	GlobalSection(ExtensibilityGlobals) = postSolution
		SolutionGuid = {2AD72772-C508-4ACF-9118-1ECE9B8CAA06}
	EndGlobalSection
EndGlobal
